
Microsoft Visual Studio Solution File, Format Version 12.00
# Visual Studio 14
VisualStudioVersion = 14.0.25123.0
MinimumVisualStudioVersion = 10.0.40219.1
Project("{8BC9CEB8-8B4A-11D0-8D11-00A0C91BC942}") = "QuadcopterV4", "QuadcopterV4.vcxproj", "{2296336E-3636-403B-8980-882B8BAB39DE}"
EndProject
Project("{8BC9CEB8-8B4A-11D0-8D11-00A0C91BC942}") = "test2", "..\test2\test2.vcxproj", "{AFB130B2-8A59-4DDD-A678-2780184B699B}"
EndProject
Project("{8BC9CEB8-8B4A-11D0-8D11-00A0C91BC942}") = "test3", "..\test3\test3.vcxproj", "{FA366267-8250-464C-A539-18D850195301}"
EndProject
Project("{8BC9CEB8-8B4A-11D0-8D11-00A0C91BC942}") = "MotorTest", "G:\Arduino\MotorTest\MotorTest.vcxproj", "{08BAF7A7-0B34-4698-B3D2-7D2C1CEE84D9}"
EndProject
Project("{8BC9CEB8-8B4A-11D0-8D11-00A0C91BC942}") = "ThrottleCharacteristics", "..\ThrottleCharacteristics\ThrottleCharacteristics.vcxproj", "{8E7CD03D-8CF8-4157-AE81-7E9C0FF949BC}"
EndProject
Project("{8BC9CEB8-8B4A-11D0-8D11-00A0C91BC942}") = "ReadWrite", "..\My Examples\ReadWrite\ReadWrite.vcxproj", "{F68E6790-D5F9-4F81-BFA5-40F45BDB8A64}"
EndProject
Project("{8BC9CEB8-8B4A-11D0-8D11-00A0C91BC942}") = "weight_test", "..\weight_test\weight_test.vcxproj", "{C5F80730-F44F-4478-BDAE-6634EFC2CA88}"
EndProject
Project("{8BC9CEB8-8B4A-11D0-8D11-00A0C91BC942}") = "Test8", "..\Test8\Test8.vcxproj", "{AE38A2CB-F1F3-4F1B-AB40-DBCDFA1FA364}"
EndProject
Project("{8BC9CEB8-8B4A-11D0-8D11-00A0C91BC942}") = "differential", "..\My Examples\differential\differential.vcxproj", "{F01A9923-8B27-489C-A491-882C8C236A5C}"
EndProject
Project("{8BC9CEB8-8B4A-11D0-8D11-00A0C91BC942}") = "TestBlink", "..\TestBlink\TestBlink.vcxproj", "{246462C6-1B3F-4CD3-8301-8769108450F3}"
EndProject
Project("{8BC9CEB8-8B4A-11D0-8D11-00A0C91BC942}") = "Blink", "..\My Examples\Blink\Blink.vcxproj", "{CD1520E7-4BBD-4495-BE72-FEC0ED49918B}"
EndProject
Project("{8BC9CEB8-8B4A-11D0-8D11-00A0C91BC942}") = "MPU6050_DMP6", "..\My Examples\MPU6050_DMP6\MPU6050_DMP6.vcxproj", "{5C341F7E-3C86-4F64-89F8-12D42F2BD708}"
EndProject
Project("{8BC9CEB8-8B4A-11D0-8D11-00A0C91BC942}") = "MPU6050_raw", "..\My Examples\MPU6050_raw\MPU6050_raw.vcxproj", "{750BBFB3-378E-494A-8FD5-AA19B2D94366}"
EndProject
Project("{8BC9CEB8-8B4A-11D0-8D11-00A0C91BC942}") = "MPU9250_raw", "..\My Examples\MPU9250_raw\MPU9250_raw.vcxproj", "{CE1E7A09-AC78-4666-A8F4-1A3C0A1B6C4E}"
EndProject
Project("{8BC9CEB8-8B4A-11D0-8D11-00A0C91BC942}") = "i2cScanner", "..\i2cScanner\i2cScanner.vcxproj", "{56269E58-9DB5-462F-94B0-CF2E27C2C1F8}"
EndProject
Project("{8BC9CEB8-8B4A-11D0-8D11-00A0C91BC942}") = "QuadcopterV2", "E:\Users\Łukasz\Documents\Arduino\QuadcopterV2\QuadcopterV2.vcxproj", "{032E27C3-1AF5-4769-9B35-20A473E37663}"
EndProject
Project("{8BC9CEB8-8B4A-11D0-8D11-00A0C91BC942}") = "TestPin4", "..\TestPin4\TestPin4.vcxproj", "{F6BE5DC2-0FF9-4C21-B9C9-65BEA766BC1B}"
EndProject
Project("{8BC9CEB8-8B4A-11D0-8D11-00A0C91BC942}") = "eeprom_put", "..\My Examples\eeprom_put\eeprom_put.vcxproj", "{3ABCBC88-85AD-466F-9B2D-DC3C3B4C181E}"
EndProject
Project("{8BC9CEB8-8B4A-11D0-8D11-00A0C91BC942}") = "eeprom_get", "..\My Examples\eeprom_get\eeprom_get.vcxproj", "{C721E5F6-63AC-4533-AE26-7C63A8F3E1C5}"
EndProject
Project("{8BC9CEB8-8B4A-11D0-8D11-00A0C91BC942}") = "MPU6050", "..\My Examples\MPU6050\MPU6050.vcxproj", "{03C8223E-36A3-413B-B656-0E5A18E2C579}"
EndProject
Global
	GlobalSection(SolutionConfigurationPlatforms) = preSolution
		Debug|x64 = Debug|x64
		Debug|x86 = Debug|x86
		Release|x64 = Release|x64
		Release|x86 = Release|x86
	EndGlobalSection
	GlobalSection(ProjectConfigurationPlatforms) = postSolution
		{2296336E-3636-403B-8980-882B8BAB39DE}.Debug|x64.ActiveCfg = Debug|x64
		{2296336E-3636-403B-8980-882B8BAB39DE}.Debug|x64.Build.0 = Debug|x64
		{2296336E-3636-403B-8980-882B8BAB39DE}.Debug|x86.ActiveCfg = Debug|Win32
		{2296336E-3636-403B-8980-882B8BAB39DE}.Debug|x86.Build.0 = Debug|Win32
		{2296336E-3636-403B-8980-882B8BAB39DE}.Release|x64.ActiveCfg = Release|x64
		{2296336E-3636-403B-8980-882B8BAB39DE}.Release|x64.Build.0 = Release|x64
		{2296336E-3636-403B-8980-882B8BAB39DE}.Release|x86.ActiveCfg = Release|Win32
		{2296336E-3636-403B-8980-882B8BAB39DE}.Release|x86.Build.0 = Release|Win32
		{AFB130B2-8A59-4DDD-A678-2780184B699B}.Debug|x64.ActiveCfg = Debug|x64
		{AFB130B2-8A59-4DDD-A678-2780184B699B}.Debug|x64.Build.0 = Debug|x64
		{AFB130B2-8A59-4DDD-A678-2780184B699B}.Debug|x86.ActiveCfg = Debug|Win32
		{AFB130B2-8A59-4DDD-A678-2780184B699B}.Debug|x86.Build.0 = Debug|Win32
		{AFB130B2-8A59-4DDD-A678-2780184B699B}.Release|x64.ActiveCfg = Release|x64
		{AFB130B2-8A59-4DDD-A678-2780184B699B}.Release|x64.Build.0 = Release|x64
		{AFB130B2-8A59-4DDD-A678-2780184B699B}.Release|x86.ActiveCfg = Release|Win32
		{AFB130B2-8A59-4DDD-A678-2780184B699B}.Release|x86.Build.0 = Release|Win32
		{FA366267-8250-464C-A539-18D850195301}.Debug|x64.ActiveCfg = Debug|x64
		{FA366267-8250-464C-A539-18D850195301}.Debug|x64.Build.0 = Debug|x64
		{FA366267-8250-464C-A539-18D850195301}.Debug|x86.ActiveCfg = Debug|Win32
		{FA366267-8250-464C-A539-18D850195301}.Debug|x86.Build.0 = Debug|Win32
		{FA366267-8250-464C-A539-18D850195301}.Release|x64.ActiveCfg = Release|x64
		{FA366267-8250-464C-A539-18D850195301}.Release|x64.Build.0 = Release|x64
		{FA366267-8250-464C-A539-18D850195301}.Release|x86.ActiveCfg = Release|Win32
		{FA366267-8250-464C-A539-18D850195301}.Release|x86.Build.0 = Release|Win32
		{08BAF7A7-0B34-4698-B3D2-7D2C1CEE84D9}.Debug|x64.ActiveCfg = Debug|Win32
		{08BAF7A7-0B34-4698-B3D2-7D2C1CEE84D9}.Debug|x86.ActiveCfg = Debug|Win32
		{08BAF7A7-0B34-4698-B3D2-7D2C1CEE84D9}.Debug|x86.Build.0 = Debug|Win32
		{08BAF7A7-0B34-4698-B3D2-7D2C1CEE84D9}.Release|x64.ActiveCfg = Release|Win32
		{08BAF7A7-0B34-4698-B3D2-7D2C1CEE84D9}.Release|x86.ActiveCfg = Release|Win32
		{08BAF7A7-0B34-4698-B3D2-7D2C1CEE84D9}.Release|x86.Build.0 = Release|Win32
		{8E7CD03D-8CF8-4157-AE81-7E9C0FF949BC}.Debug|x64.ActiveCfg = Debug|x64
		{8E7CD03D-8CF8-4157-AE81-7E9C0FF949BC}.Debug|x64.Build.0 = Debug|x64
		{8E7CD03D-8CF8-4157-AE81-7E9C0FF949BC}.Debug|x86.ActiveCfg = Debug|Win32
		{8E7CD03D-8CF8-4157-AE81-7E9C0FF949BC}.Debug|x86.Build.0 = Debug|Win32
		{8E7CD03D-8CF8-4157-AE81-7E9C0FF949BC}.Release|x64.ActiveCfg = Release|x64
		{8E7CD03D-8CF8-4157-AE81-7E9C0FF949BC}.Release|x64.Build.0 = Release|x64
		{8E7CD03D-8CF8-4157-AE81-7E9C0FF949BC}.Release|x86.ActiveCfg = Release|Win32
		{8E7CD03D-8CF8-4157-AE81-7E9C0FF949BC}.Release|x86.Build.0 = Release|Win32
		{F68E6790-D5F9-4F81-BFA5-40F45BDB8A64}.Debug|x64.ActiveCfg = Debug|Win32
		{F68E6790-D5F9-4F81-BFA5-40F45BDB8A64}.Debug|x86.ActiveCfg = Debug|Win32
		{F68E6790-D5F9-4F81-BFA5-40F45BDB8A64}.Debug|x86.Build.0 = Debug|Win32
		{F68E6790-D5F9-4F81-BFA5-40F45BDB8A64}.Release|x64.ActiveCfg = Release|Win32
		{F68E6790-D5F9-4F81-BFA5-40F45BDB8A64}.Release|x86.ActiveCfg = Release|Win32
		{F68E6790-D5F9-4F81-BFA5-40F45BDB8A64}.Release|x86.Build.0 = Release|Win32
		{C5F80730-F44F-4478-BDAE-6634EFC2CA88}.Debug|x64.ActiveCfg = Debug|Win32
		{C5F80730-F44F-4478-BDAE-6634EFC2CA88}.Debug|x86.ActiveCfg = Debug|Win32
		{C5F80730-F44F-4478-BDAE-6634EFC2CA88}.Debug|x86.Build.0 = Debug|Win32
		{C5F80730-F44F-4478-BDAE-6634EFC2CA88}.Release|x64.ActiveCfg = Release|Win32
		{C5F80730-F44F-4478-BDAE-6634EFC2CA88}.Release|x86.ActiveCfg = Release|Win32
		{C5F80730-F44F-4478-BDAE-6634EFC2CA88}.Release|x86.Build.0 = Release|Win32
		{AE38A2CB-F1F3-4F1B-AB40-DBCDFA1FA364}.Debug|x64.ActiveCfg = Debug|Win32
		{AE38A2CB-F1F3-4F1B-AB40-DBCDFA1FA364}.Debug|x86.ActiveCfg = Debug|Win32
		{AE38A2CB-F1F3-4F1B-AB40-DBCDFA1FA364}.Debug|x86.Build.0 = Debug|Win32
		{AE38A2CB-F1F3-4F1B-AB40-DBCDFA1FA364}.Release|x64.ActiveCfg = Release|Win32
		{AE38A2CB-F1F3-4F1B-AB40-DBCDFA1FA364}.Release|x86.ActiveCfg = Release|Win32
		{AE38A2CB-F1F3-4F1B-AB40-DBCDFA1FA364}.Release|x86.Build.0 = Release|Win32
		{F01A9923-8B27-489C-A491-882C8C236A5C}.Debug|x64.ActiveCfg = Debug|Win32
		{F01A9923-8B27-489C-A491-882C8C236A5C}.Debug|x86.ActiveCfg = Debug|Win32
		{F01A9923-8B27-489C-A491-882C8C236A5C}.Debug|x86.Build.0 = Debug|Win32
		{F01A9923-8B27-489C-A491-882C8C236A5C}.Release|x64.ActiveCfg = Release|Win32
		{F01A9923-8B27-489C-A491-882C8C236A5C}.Release|x86.ActiveCfg = Release|Win32
		{F01A9923-8B27-489C-A491-882C8C236A5C}.Release|x86.Build.0 = Release|Win32
		{246462C6-1B3F-4CD3-8301-8769108450F3}.Debug|x64.ActiveCfg = Debug|Win32
		{246462C6-1B3F-4CD3-8301-8769108450F3}.Debug|x86.ActiveCfg = Debug|Win32
		{246462C6-1B3F-4CD3-8301-8769108450F3}.Debug|x86.Build.0 = Debug|Win32
		{246462C6-1B3F-4CD3-8301-8769108450F3}.Release|x64.ActiveCfg = Release|Win32
		{246462C6-1B3F-4CD3-8301-8769108450F3}.Release|x86.ActiveCfg = Release|Win32
		{246462C6-1B3F-4CD3-8301-8769108450F3}.Release|x86.Build.0 = Release|Win32
		{CD1520E7-4BBD-4495-BE72-FEC0ED49918B}.Debug|x64.ActiveCfg = Debug|Win32
		{CD1520E7-4BBD-4495-BE72-FEC0ED49918B}.Debug|x86.ActiveCfg = Debug|Win32
		{CD1520E7-4BBD-4495-BE72-FEC0ED49918B}.Debug|x86.Build.0 = Debug|Win32
		{CD1520E7-4BBD-4495-BE72-FEC0ED49918B}.Release|x64.ActiveCfg = Release|Win32
		{CD1520E7-4BBD-4495-BE72-FEC0ED49918B}.Release|x86.ActiveCfg = Release|Win32
		{CD1520E7-4BBD-4495-BE72-FEC0ED49918B}.Release|x86.Build.0 = Release|Win32
		{5C341F7E-3C86-4F64-89F8-12D42F2BD708}.Debug|x64.ActiveCfg = Debug|Win32
		{5C341F7E-3C86-4F64-89F8-12D42F2BD708}.Debug|x86.ActiveCfg = Debug|Win32
		{5C341F7E-3C86-4F64-89F8-12D42F2BD708}.Debug|x86.Build.0 = Debug|Win32
		{5C341F7E-3C86-4F64-89F8-12D42F2BD708}.Release|x64.ActiveCfg = Release|Win32
		{5C341F7E-3C86-4F64-89F8-12D42F2BD708}.Release|x86.ActiveCfg = Release|Win32
		{5C341F7E-3C86-4F64-89F8-12D42F2BD708}.Release|x86.Build.0 = Release|Win32
		{750BBFB3-378E-494A-8FD5-AA19B2D94366}.Debug|x64.ActiveCfg = Debug|Win32
		{750BBFB3-378E-494A-8FD5-AA19B2D94366}.Debug|x86.ActiveCfg = Debug|Win32
		{750BBFB3-378E-494A-8FD5-AA19B2D94366}.Debug|x86.Build.0 = Debug|Win32
		{750BBFB3-378E-494A-8FD5-AA19B2D94366}.Release|x64.ActiveCfg = Release|Win32
		{750BBFB3-378E-494A-8FD5-AA19B2D94366}.Release|x86.ActiveCfg = Release|Win32
		{750BBFB3-378E-494A-8FD5-AA19B2D94366}.Release|x86.Build.0 = Release|Win32
		{CE1E7A09-AC78-4666-A8F4-1A3C0A1B6C4E}.Debug|x64.ActiveCfg = Debug|Win32
		{CE1E7A09-AC78-4666-A8F4-1A3C0A1B6C4E}.Debug|x86.ActiveCfg = Debug|Win32
		{CE1E7A09-AC78-4666-A8F4-1A3C0A1B6C4E}.Debug|x86.Build.0 = Debug|Win32
		{CE1E7A09-AC78-4666-A8F4-1A3C0A1B6C4E}.Release|x64.ActiveCfg = Release|Win32
		{CE1E7A09-AC78-4666-A8F4-1A3C0A1B6C4E}.Release|x86.ActiveCfg = Release|Win32
		{CE1E7A09-AC78-4666-A8F4-1A3C0A1B6C4E}.Release|x86.Build.0 = Release|Win32
		{56269E58-9DB5-462F-94B0-CF2E27C2C1F8}.Debug|x64.ActiveCfg = Debug|Win32
		{56269E58-9DB5-462F-94B0-CF2E27C2C1F8}.Debug|x86.ActiveCfg = Debug|Win32
		{56269E58-9DB5-462F-94B0-CF2E27C2C1F8}.Debug|x86.Build.0 = Debug|Win32
		{56269E58-9DB5-462F-94B0-CF2E27C2C1F8}.Release|x64.ActiveCfg = Release|Win32
		{56269E58-9DB5-462F-94B0-CF2E27C2C1F8}.Release|x86.ActiveCfg = Release|Win32
		{56269E58-9DB5-462F-94B0-CF2E27C2C1F8}.Release|x86.Build.0 = Release|Win32
		{032E27C3-1AF5-4769-9B35-20A473E37663}.Debug|x64.ActiveCfg = Debug|x64
		{032E27C3-1AF5-4769-9B35-20A473E37663}.Debug|x64.Build.0 = Debug|x64
		{032E27C3-1AF5-4769-9B35-20A473E37663}.Debug|x86.ActiveCfg = Debug|Win32
		{032E27C3-1AF5-4769-9B35-20A473E37663}.Debug|x86.Build.0 = Debug|Win32
		{032E27C3-1AF5-4769-9B35-20A473E37663}.Release|x64.ActiveCfg = Release|x64
		{032E27C3-1AF5-4769-9B35-20A473E37663}.Release|x64.Build.0 = Release|x64
		{032E27C3-1AF5-4769-9B35-20A473E37663}.Release|x86.ActiveCfg = Release|Win32
		{032E27C3-1AF5-4769-9B35-20A473E37663}.Release|x86.Build.0 = Release|Win32
		{F6BE5DC2-0FF9-4C21-B9C9-65BEA766BC1B}.Debug|x64.ActiveCfg = Debug|Win32
		{F6BE5DC2-0FF9-4C21-B9C9-65BEA766BC1B}.Debug|x86.ActiveCfg = Debug|Win32
		{F6BE5DC2-0FF9-4C21-B9C9-65BEA766BC1B}.Debug|x86.Build.0 = Debug|Win32
		{F6BE5DC2-0FF9-4C21-B9C9-65BEA766BC1B}.Release|x64.ActiveCfg = Release|Win32
		{F6BE5DC2-0FF9-4C21-B9C9-65BEA766BC1B}.Release|x86.ActiveCfg = Release|Win32
		{F6BE5DC2-0FF9-4C21-B9C9-65BEA766BC1B}.Release|x86.Build.0 = Release|Win32
		{3ABCBC88-85AD-466F-9B2D-DC3C3B4C181E}.Debug|x64.ActiveCfg = Debug|Win32
		{3ABCBC88-85AD-466F-9B2D-DC3C3B4C181E}.Debug|x86.ActiveCfg = Debug|Win32
		{3ABCBC88-85AD-466F-9B2D-DC3C3B4C181E}.Debug|x86.Build.0 = Debug|Win32
		{3ABCBC88-85AD-466F-9B2D-DC3C3B4C181E}.Release|x64.ActiveCfg = Release|Win32
		{3ABCBC88-85AD-466F-9B2D-DC3C3B4C181E}.Release|x86.ActiveCfg = Release|Win32
		{3ABCBC88-85AD-466F-9B2D-DC3C3B4C181E}.Release|x86.Build.0 = Release|Win32
		{C721E5F6-63AC-4533-AE26-7C63A8F3E1C5}.Debug|x64.ActiveCfg = Debug|Win32
		{C721E5F6-63AC-4533-AE26-7C63A8F3E1C5}.Debug|x86.ActiveCfg = Debug|Win32
		{C721E5F6-63AC-4533-AE26-7C63A8F3E1C5}.Debug|x86.Build.0 = Debug|Win32
		{C721E5F6-63AC-4533-AE26-7C63A8F3E1C5}.Release|x64.ActiveCfg = Release|Win32
		{C721E5F6-63AC-4533-AE26-7C63A8F3E1C5}.Release|x86.ActiveCfg = Release|Win32
		{C721E5F6-63AC-4533-AE26-7C63A8F3E1C5}.Release|x86.Build.0 = Release|Win32
		{03C8223E-36A3-413B-B656-0E5A18E2C579}.Debug|x64.ActiveCfg = Debug|Win32
		{03C8223E-36A3-413B-B656-0E5A18E2C579}.Debug|x86.ActiveCfg = Debug|Win32
		{03C8223E-36A3-413B-B656-0E5A18E2C579}.Debug|x86.Build.0 = Debug|Win32
		{03C8223E-36A3-413B-B656-0E5A18E2C579}.Release|x64.ActiveCfg = Release|Win32
		{03C8223E-36A3-413B-B656-0E5A18E2C579}.Release|x86.ActiveCfg = Release|Win32
		{03C8223E-36A3-413B-B656-0E5A18E2C579}.Release|x86.Build.0 = Release|Win32
	EndGlobalSection
	GlobalSection(SolutionProperties) = preSolution
		HideSolutionNode = FALSE
	EndGlobalSection
EndGlobal
